// !$*UTF8*$!
{
	archiveVersion = 1;
	classes = {
	};
	objectVersion = 46;
	objects = {

/* Begin PBXBuildFile section */
		C5993D901EA532590032AD27 /* exp4.c in Sources */ = {isa = PBXBuildFile; fileRef = C5993D8F1EA532590032AD27 /* exp4.c */; };
		C5993D9E1EA5C2490032AD27 /* exp4mod.c in Sources */ = {isa = PBXBuildFile; fileRef = C5993D911EA5C22B0032AD27 /* exp4mod.c */; };
/* End PBXBuildFile section */

/* Begin PBXCopyFilesBuildPhase section */
		C5993D831EA532220032AD27 /* CopyFiles */ = {
			isa = PBXCopyFilesBuildPhase;
			buildActionMask = 2147483647;
			dstPath = /usr/share/man/man1/;
			dstSubfolderSpec = 0;
			files = (
			);
			runOnlyForDeploymentPostprocessing = 1;
		};
		C5993D951EA5C2380032AD27 /* CopyFiles */ = {
			isa = PBXCopyFilesBuildPhase;
			buildActionMask = 2147483647;
			dstPath = /usr/share/man/man1/;
			dstSubfolderSpec = 0;
			files = (
			);
			runOnlyForDeploymentPostprocessing = 1;
		};
/* End PBXCopyFilesBuildPhase section */

/* Begin PBXFileReference section */
		C5993D851EA532220032AD27 /* exp4 */ = {isa = PBXFileReference; explicitFileType = "compiled.mach-o.executable"; includeInIndex = 0; path = exp4; sourceTree = BUILT_PRODUCTS_DIR; };
		C5993D8F1EA532590032AD27 /* exp4.c */ = {isa = PBXFileReference; fileEncoding = 4; lastKnownFileType = sourcecode.c.c; name = exp4.c; path = ../exp4.c; sourceTree = "<group>"; };
		C5993D911EA5C22B0032AD27 /* exp4mod.c */ = {isa = PBXFileReference; fileEncoding = 4; lastKnownFileType = sourcecode.c.c; name = exp4mod.c; path = ../exp4mod.c; sourceTree = "<group>"; };
		C5993D971EA5C2380032AD27 /* exp4mod */ = {isa = PBXFileReference; explicitFileType = "compiled.mach-o.executable"; includeInIndex = 0; path = exp4mod; sourceTree = BUILT_PRODUCTS_DIR; };
/* End PBXFileReference section */

/* Begin PBXFrameworksBuildPhase section */
		C5993D821EA532220032AD27 /* Frameworks */ = {
			isa = PBXFrameworksBuildPhase;
			buildActionMask = 2147483647;
			files = (
			);
			runOnlyForDeploymentPostprocessing = 0;
		};
		C5993D941EA5C2380032AD27 /* Frameworks */ = {
			isa = PBXFrameworksBuildPhase;
			buildActionMask = 2147483647;
			files = (
			);
			runOnlyForDeploymentPostprocessing = 0;
		};
/* End PBXFrameworksBuildPhase section */

/* Begin PBXGroup section */
		C5993D7C1EA532220032AD27 = {
			isa = PBXGroup;
			children = (
				C5993D8F1EA532590032AD27 /* exp4.c */,
				C5993D911EA5C22B0032AD27 /* exp4mod.c */,
				C5993D861EA532220032AD27 /* Products */,
			);
			sourceTree = "<group>";
		};
		C5993D861EA532220032AD27 /* Products */ = {
			isa = PBXGroup;
			children = (
				C5993D851EA532220032AD27 /* exp4 */,
				C5993D971EA5C2380032AD27 /* exp4mod */,
			);
			name = Products;
			sourceTree = "<group>";
		};
/* End PBXGroup section */

/* Begin PBXNativeTarget section */
		C5993D841EA532220032AD27 /* exp4 */ = {
			isa = PBXNativeTarget;
			buildConfigurationList = C5993D8C1EA532220032AD27 /* Build configuration list for PBXNativeTarget "exp4" */;
			buildPhases = (
				C5993D811EA532220032AD27 /* Sources */,
				C5993D821EA532220032AD27 /* Frameworks */,
				C5993D831EA532220032AD27 /* CopyFiles */,
			);
			buildRules = (
			);
			dependencies = (
			);
			name = exp4;
			productName = exp4;
			productReference = C5993D851EA532220032AD27 /* exp4 */;
			productType = "com.apple.product-type.tool";
		};
		C5993D961EA5C2380032AD27 /* exp4mod */ = {
			isa = PBXNativeTarget;
			buildConfigurationList = C5993D9B1EA5C2380032AD27 /* Build configuration list for PBXNativeTarget "exp4mod" */;
			buildPhases = (
				C5993D931EA5C2380032AD27 /* Sources */,
				C5993D941EA5C2380032AD27 /* Frameworks */,
				C5993D951EA5C2380032AD27 /* CopyFiles */,
			);
			buildRules = (
			);
			dependencies = (
			);
			name = exp4mod;
			productName = exp4mod;
			productReference = C5993D971EA5C2380032AD27 /* exp4mod */;
			productType = "com.apple.product-type.tool";
		};
/* End PBXNativeTarget section */

/* Begin PBXProject section */
		C5993D7D1EA532220032AD27 /* Project object */ = {
			isa = PBXProject;
			attributes = {
				LastUpgradeCheck = 0830;
				ORGANIZATIONNAME = "Roger Oba";
				TargetAttributes = {
					C5993D841EA532220032AD27 = {
						CreatedOnToolsVersion = 8.3.1;
						DevelopmentTeam = 9M39ENBSMH;
						ProvisioningStyle = Automatic;
					};
					C5993D961EA5C2380032AD27 = {
						CreatedOnToolsVersion = 8.3.1;
						DevelopmentTeam = 9M39ENBSMH;
						ProvisioningStyle = Automatic;
					};
				};
			};
			buildConfigurationList = C5993D801EA532220032AD27 /* Build configuration list for PBXProject "exp4" */;
			compatibilityVersion = "Xcode 3.2";
			developmentRegion = English;
			hasScannedForEncodings = 0;
			knownRegions = (
				en,
			);
			mainGroup = C5993D7C1EA532220032AD27;
			productRefGroup = C5993D861EA532220032AD27 /* Products */;
			projectDirPath = "";
			projectRoot = "";
			targets = (
				C5993D841EA532220032AD27 /* exp4 */,
				C5993D961EA5C2380032AD27 /* exp4mod */,
			);
		};
/* End PBXProject section */

/* Begin PBXSourcesBuildPhase section */
		C5993D811EA532220032AD27 /* Sources */ = {
			isa = PBXSourcesBuildPhase;
			buildActionMask = 2147483647;
			files = (
				C5993D901EA532590032AD27 /* exp4.c in Sources */,
			);
			runOnlyForDeploymentPostprocessing = 0;
		};
		C5993D931EA5C2380032AD27 /* Sources */ = {
			isa = PBXSourcesBuildPhase;
			buildActionMask = 2147483647;
			files = (
				C5993D9E1EA5C2490032AD27 /* exp4mod.c in Sources */,
			);
			runOnlyForDeploymentPostprocessing = 0;
		};
/* End PBXSourcesBuildPhase section */

/* Begin XCBuildConfiguration section */
		C5993D8A1EA532220032AD27 /* Debug */ = {
			isa = XCBuildConfiguration;
			buildSettings = {
				ALWAYS_SEARCH_USER_PATHS = NO;
				CLANG_ANALYZER_NONNULL = YES;
				CLANG_ANALYZER_NUMBER_OBJECT_CONVERSION = YES_AGGRESSIVE;
				CLANG_CXX_LANGUAGE_STANDARD = "gnu++0x";
				CLANG_CXX_LIBRARY = "libc++";
				CLANG_ENABLE_MODULES = YES;
				CLANG_ENABLE_OBJC_ARC = YES;
				CLANG_WARN_BOOL_CONVERSION = YES;
				CLANG_WARN_CONSTANT_CONVERSION = YES;
				CLANG_WARN_DIRECT_OBJC_ISA_USAGE = YES_ERROR;
				CLANG_WARN_DOCUMENTATION_COMMENTS = YES;
				CLANG_WARN_EMPTY_BODY = YES;
				CLANG_WARN_ENUM_CONVERSION = YES;
				CLANG_WARN_INFINITE_RECURSION = YES;
				CLANG_WARN_INT_CONVERSION = YES;
				CLANG_WARN_OBJC_ROOT_CLASS = YES_ERROR;
				CLANG_WARN_SUSPICIOUS_MOVE = YES;
				CLANG_WARN_UNREACHABLE_CODE = YES;
				CLANG_WARN__DUPLICATE_METHOD_MATCH = YES;
				CODE_SIGN_IDENTITY = "-";
				COPY_PHASE_STRIP = NO;
				DEBUG_INFORMATION_FORMAT = dwarf;
				ENABLE_STRICT_OBJC_MSGSEND = YES;
				ENABLE_TESTABILITY = YES;
				GCC_C_LANGUAGE_STANDARD = gnu99;
				GCC_DYNAMIC_NO_PIC = NO;
				GCC_NO_COMMON_BLOCKS = YES;
				GCC_OPTIMIZATION_LEVEL = 0;
				GCC_PREPROCESSOR_DEFINITIONS = (
					"DEBUG=1",
					"$(inherited)",
				);
				GCC_WARN_64_TO_32_BIT_CONVERSION = YES;
				GCC_WARN_ABOUT_RETURN_TYPE = YES_ERROR;
				GCC_WARN_UNDECLARED_SELECTOR = YES;
				GCC_WARN_UNINITIALIZED_AUTOS = YES_AGGRESSIVE;
				GCC_WARN_UNUSED_FUNCTION = YES;
				GCC_WARN_UNUSED_VARIABLE = YES;
				MACOSX_DEPLOYMENT_TARGET = 10.12;
				MTL_ENABLE_DEBUG_INFO = YES;
				ONLY_ACTIVE_ARCH = YES;
				SDKROOT = macosx;
			};
			name = Debug;
		};
		C5993D8B1EA532220032AD27 /* Release */ = {
			isa = XCBuildConfiguration;
			buildSettings = {
				ALWAYS_SEARCH_USER_PATHS = NO;
				CLANG_ANALYZER_NONNULL = YES;
				CLANG_ANALYZER_NUMBER_OBJECT_CONVERSION = YES_AGGRESSIVE;
				CLANG_CXX_LANGUAGE_STANDARD = "gnu++0x";
				CLANG_CXX_LIBRARY = "libc++";
				CLANG_ENABLE_MODULES = YES;
				CLANG_ENABLE_OBJC_ARC = YES;
				CLANG_WARN_BOOL_CONVERSION = YES;
				CLANG_WARN_CONSTANT_CONVERSION = YES;
				CLANG_WARN_DIRECT_OBJC_ISA_USAGE = YES_ERROR;
				CLANG_WARN_DOCUMENTATION_COMMENTS = YES;
				CLANG_WARN_EMPTY_BODY = YES;
				CLANG_WARN_ENUM_CONVERSION = YES;
				CLANG_WARN_INFINITE_RECURSION = YES;
				CLANG_WARN_INT_CONVERSION = YES;
				CLANG_WARN_OBJC_ROOT_CLASS = YES_ERROR;
				CLANG_WARN_SUSPICIOUS_MOVE = YES;
				CLANG_WARN_UNREACHABLE_CODE = YES;
				CLANG_WARN__DUPLICATE_METHOD_MATCH = YES;
				CODE_SIGN_IDENTITY = "-";
				COPY_PHASE_STRIP = NO;
				DEBUG_INFORMATION_FORMAT = "dwarf-with-dsym";
				ENABLE_NS_ASSERTIONS = NO;
				ENABLE_STRICT_OBJC_MSGSEND = YES;
				GCC_C_LANGUAGE_STANDARD = gnu99;
				GCC_NO_COMMON_BLOCKS = YES;
				GCC_WARN_64_TO_32_BIT_CONVERSION = YES;
				GCC_WARN_ABOUT_RETURN_TYPE = YES_ERROR;
				GCC_WARN_UNDECLARED_SELECTOR = YES;
				GCC_WARN_UNINITIALIZED_AUTOS = YES_AGGRESSIVE;
				GCC_WARN_UNUSED_FUNCTION = YES;
				GCC_WARN_UNUSED_VARIABLE = YES;
				MACOSX_DEPLOYMENT_TARGET = 10.12;
				MTL_ENABLE_DEBUG_INFO = NO;
				SDKROOT = macosx;
			};
			name = Release;
		};
		C5993D8D1EA532220032AD27 /* Debug */ = {
			isa = XCBuildConfiguration;
			buildSettings = {
				DEVELOPMENT_TEAM = 9M39ENBSMH;
				PRODUCT_NAME = "$(TARGET_NAME)";
			};
			name = Debug;
		};
		C5993D8E1EA532220032AD27 /* Release */ = {
			isa = XCBuildConfiguration;
			buildSettings = {
				DEVELOPMENT_TEAM = 9M39ENBSMH;
				PRODUCT_NAME = "$(TARGET_NAME)";
			};
			name = Release;
		};
		C5993D9C1EA5C2380032AD27 /* Debug */ = {
			isa = XCBuildConfiguration;
			buildSettings = {
				DEVELOPMENT_TEAM = 9M39ENBSMH;
				PRODUCT_NAME = "$(TARGET_NAME)";
			};
			name = Debug;
		};
		C5993D9D1EA5C2380032AD27 /* Release */ = {
			isa = XCBuildConfiguration;
			buildSettings = {
				DEVELOPMENT_TEAM = 9M39ENBSMH;
				PRODUCT_NAME = "$(TARGET_NAME)";
			};
			name = Release;
		};
/* End XCBuildConfiguration section */

/* Begin XCConfigurationList section */
		C5993D801EA532220032AD27 /* Build configuration list for PBXProject "exp4" */ = {
			isa = XCConfigurationList;
			buildConfigurations = (
				C5993D8A1EA532220032AD27 /* Debug */,
				C5993D8B1EA532220032AD27 /* Release */,
			);
			defaultConfigurationIsVisible = 0;
			defaultConfigurationName = Release;
		};
		C5993D8C1EA532220032AD27 /* Build configuration list for PBXNativeTarget "exp4" */ = {
			isa = XCConfigurationList;
			buildConfigurations = (
				C5993D8D1EA532220032AD27 /* Debug */,
				C5993D8E1EA532220032AD27 /* Release */,
			);
			defaultConfigurationIsVisible = 0;
		};
		C5993D9B1EA5C2380032AD27 /* Build configuration list for PBXNativeTarget "exp4mod" */ = {
			isa = XCConfigurationList;
			buildConfigurations = (
				C5993D9C1EA5C2380032AD27 /* Debug */,
				C5993D9D1EA5C2380032AD27 /* Release */,
			);
			defaultConfigurationIsVisible = 0;
		};
/* End XCConfigurationList section */
	};
	rootObject = C5993D7D1EA532220032AD27 /* Project object */;
}
