// !$*UTF8*$!
{
	archiveVersion = 1;
	classes = {
	};
	objectVersion = 46;
	objects = {

/* Begin PBXBuildFile section */
		C56E1C041E936C14009B7949 /* exp3mod.c in Sources */ = {isa = PBXBuildFile; fileRef = C56E1C031E936C14009B7949 /* exp3mod.c */; };
		C5C51FCB1E89600C00CDF201 /* Experimento3.c in Sources */ = {isa = PBXBuildFile; fileRef = C5C51FCA1E89600C00CDF201 /* Experimento3.c */; };
/* End PBXBuildFile section */

/* Begin PBXCopyFilesBuildPhase section */
		C5C51FB01E895F5400CDF201 /* CopyFiles */ = {
			isa = PBXCopyFilesBuildPhase;
			buildActionMask = 2147483647;
			dstPath = /usr/share/man/man1/;
			dstSubfolderSpec = 0;
			files = (
			);
			runOnlyForDeploymentPostprocessing = 1;
		};
		C5C51FBE1E895FAA00CDF201 /* CopyFiles */ = {
			isa = PBXCopyFilesBuildPhase;
			buildActionMask = 2147483647;
			dstPath = /usr/share/man/man1/;
			dstSubfolderSpec = 0;
			files = (
			);
			runOnlyForDeploymentPostprocessing = 1;
		};
/* End PBXCopyFilesBuildPhase section */

/* Begin PBXFileReference section */
		C56E1C031E936C14009B7949 /* exp3mod.c */ = {isa = PBXFileReference; fileEncoding = 4; lastKnownFileType = sourcecode.c.c; name = exp3mod.c; path = ../../exp3mod.c; sourceTree = "<group>"; };
		C5C51FB21E895F5400CDF201 /* exp3 */ = {isa = PBXFileReference; explicitFileType = "compiled.mach-o.executable"; includeInIndex = 0; path = exp3; sourceTree = BUILT_PRODUCTS_DIR; };
		C5C51FC01E895FAA00CDF201 /* exp3mod */ = {isa = PBXFileReference; explicitFileType = "compiled.mach-o.executable"; includeInIndex = 0; path = exp3mod; sourceTree = BUILT_PRODUCTS_DIR; };
		C5C51FCA1E89600C00CDF201 /* Experimento3.c */ = {isa = PBXFileReference; fileEncoding = 4; lastKnownFileType = sourcecode.c.c; name = Experimento3.c; path = ../../Experimento3.c; sourceTree = "<group>"; };
/* End PBXFileReference section */

/* Begin PBXFrameworksBuildPhase section */
		C5C51FAF1E895F5400CDF201 /* Frameworks */ = {
			isa = PBXFrameworksBuildPhase;
			buildActionMask = 2147483647;
			files = (
			);
			runOnlyForDeploymentPostprocessing = 0;
		};
		C5C51FBD1E895FAA00CDF201 /* Frameworks */ = {
			isa = PBXFrameworksBuildPhase;
			buildActionMask = 2147483647;
			files = (
			);
			runOnlyForDeploymentPostprocessing = 0;
		};
/* End PBXFrameworksBuildPhase section */

/* Begin PBXGroup section */
		C5C51FA91E895F5400CDF201 = {
			isa = PBXGroup;
			children = (
				C5F8294A1E936DED001A3089 /* exp3mod.c */,
				C5F8294C1E936E0E001A3089 /* Experimento3.c */,
				C5C51FB31E895F5400CDF201 /* Products */,
			);
			sourceTree = "<group>";
		};
		C5C51FB31E895F5400CDF201 /* Products */ = {
			isa = PBXGroup;
			children = (
				C5C51FB21E895F5400CDF201 /* exp3 */,
				C5C51FC01E895FAA00CDF201 /* exp3mod */,
			);
			name = Products;
			sourceTree = "<group>";
		};
		C5C51FB41E895F5400CDF201 /* exp3 */ = {
			isa = PBXGroup;
			children = (
				C5C51FCA1E89600C00CDF201 /* Experimento3.c */,
			);
			path = exp3;
			sourceTree = "<group>";
		};
		C5C51FC11E895FAA00CDF201 /* exp3mod */ = {
			isa = PBXGroup;
			children = (
				C56E1C031E936C14009B7949 /* exp3mod.c */,
			);
			path = exp3mod;
			sourceTree = "<group>";
		};
/* End PBXGroup section */

/* Begin PBXNativeTarget section */
		C5C51FB11E895F5400CDF201 /* exp3 */ = {
			isa = PBXNativeTarget;
			buildConfigurationList = C5C51FB91E895F5400CDF201 /* Build configuration list for PBXNativeTarget "exp3" */;
			buildPhases = (
				C5C51FAE1E895F5400CDF201 /* Sources */,
				C5C51FAF1E895F5400CDF201 /* Frameworks */,
				C5C51FB01E895F5400CDF201 /* CopyFiles */,
			);
			buildRules = (
			);
			dependencies = (
			);
			name = exp3;
			productName = exp3;
			productReference = C5C51FB21E895F5400CDF201 /* exp3 */;
			productType = "com.apple.product-type.tool";
		};
		C5C51FBF1E895FAA00CDF201 /* exp3mod */ = {
			isa = PBXNativeTarget;
			buildConfigurationList = C5C51FC41E895FAA00CDF201 /* Build configuration list for PBXNativeTarget "exp3mod" */;
			buildPhases = (
				C5C51FBC1E895FAA00CDF201 /* Sources */,
				C5C51FBD1E895FAA00CDF201 /* Frameworks */,
				C5C51FBE1E895FAA00CDF201 /* CopyFiles */,
			);
			buildRules = (
			);
			dependencies = (
			);
			name = exp3mod;
			productName = exp3mod;
			productReference = C5C51FC01E895FAA00CDF201 /* exp3mod */;
			productType = "com.apple.product-type.tool";
		};
/* End PBXNativeTarget section */

/* Begin PBXProject section */
		C5C51FAA1E895F5400CDF201 /* Project object */ = {
			isa = PBXProject;
			attributes = {
				LastUpgradeCheck = 0820;
				ORGANIZATIONNAME = "Roger Oba";
				TargetAttributes = {
					C5C51FB11E895F5400CDF201 = {
						CreatedOnToolsVersion = 8.2.1;
						DevelopmentTeam = 9M39ENBSMH;
						ProvisioningStyle = Automatic;
					};
					C5C51FBF1E895FAA00CDF201 = {
						CreatedOnToolsVersion = 8.2.1;
						DevelopmentTeam = 9M39ENBSMH;
						ProvisioningStyle = Automatic;
					};
				};
			};
			buildConfigurationList = C5C51FAD1E895F5400CDF201 /* Build configuration list for PBXProject "exp3" */;
			compatibilityVersion = "Xcode 3.2";
			developmentRegion = English;
			hasScannedForEncodings = 0;
			knownRegions = (
				en,
			);
			mainGroup = C5C51FA91E895F5400CDF201;
			productRefGroup = C5C51FB31E895F5400CDF201 /* Products */;
			projectDirPath = "";
			projectRoot = "";
			targets = (
				C5C51FB11E895F5400CDF201 /* exp3 */,
				C5C51FBF1E895FAA00CDF201 /* exp3mod */,
			);
		};
/* End PBXProject section */

/* Begin PBXSourcesBuildPhase section */
		C5C51FAE1E895F5400CDF201 /* Sources */ = {
			isa = PBXSourcesBuildPhase;
			buildActionMask = 2147483647;
			files = (
				C5F8294E1E936E19001A3089 /* Experimento3.c in Sources */,
			);
			runOnlyForDeploymentPostprocessing = 0;
		};
		C5C51FBC1E895FAA00CDF201 /* Sources */ = {
			isa = PBXSourcesBuildPhase;
			buildActionMask = 2147483647;
			files = (
				C5F8294B1E936DED001A3089 /* exp3mod.c in Sources */,
			);
			runOnlyForDeploymentPostprocessing = 0;
		};
/* End PBXSourcesBuildPhase section */

/* Begin XCBuildConfiguration section */
		C5C51FB71E895F5400CDF201 /* Debug */ = {
			isa = XCBuildConfiguration;
			buildSettings = {
				ALWAYS_SEARCH_USER_PATHS = NO;
				CLANG_ANALYZER_NONNULL = YES;
				CLANG_CXX_LANGUAGE_STANDARD = "gnu++0x";
				CLANG_CXX_LIBRARY = "libc++";
				CLANG_ENABLE_MODULES = YES;
				CLANG_ENABLE_OBJC_ARC = YES;
				CLANG_WARN_BOOL_CONVERSION = YES;
				CLANG_WARN_CONSTANT_CONVERSION = YES;
				CLANG_WARN_DIRECT_OBJC_ISA_USAGE = YES_ERROR;
				CLANG_WARN_DOCUMENTATION_COMMENTS = YES;
				CLANG_WARN_EMPTY_BODY = YES;
				CLANG_WARN_ENUM_CONVERSION = YES;
				CLANG_WARN_INFINITE_RECURSION = YES;
				CLANG_WARN_INT_CONVERSION = YES;
				CLANG_WARN_OBJC_ROOT_CLASS = YES_ERROR;
				CLANG_WARN_SUSPICIOUS_MOVE = YES;
				CLANG_WARN_UNREACHABLE_CODE = YES;
				CLANG_WARN__DUPLICATE_METHOD_MATCH = YES;
				CODE_SIGN_IDENTITY = "-";
				COPY_PHASE_STRIP = NO;
				DEBUG_INFORMATION_FORMAT = dwarf;
				ENABLE_STRICT_OBJC_MSGSEND = YES;
				ENABLE_TESTABILITY = YES;
				GCC_C_LANGUAGE_STANDARD = gnu99;
				GCC_DYNAMIC_NO_PIC = NO;
				GCC_NO_COMMON_BLOCKS = YES;
				GCC_OPTIMIZATION_LEVEL = 0;
				GCC_PREPROCESSOR_DEFINITIONS = (
					"DEBUG=1",
					"$(inherited)",
				);
				GCC_WARN_64_TO_32_BIT_CONVERSION = YES;
				GCC_WARN_ABOUT_RETURN_TYPE = YES_ERROR;
				GCC_WARN_UNDECLARED_SELECTOR = YES;
				GCC_WARN_UNINITIALIZED_AUTOS = YES_AGGRESSIVE;
				GCC_WARN_UNUSED_FUNCTION = YES;
				GCC_WARN_UNUSED_VARIABLE = YES;
				MACOSX_DEPLOYMENT_TARGET = 10.12;
				MTL_ENABLE_DEBUG_INFO = YES;
				ONLY_ACTIVE_ARCH = YES;
				SDKROOT = macosx;
			};
			name = Debug;
		};
		C5C51FB81E895F5400CDF201 /* Release */ = {
			isa = XCBuildConfiguration;
			buildSettings = {
				ALWAYS_SEARCH_USER_PATHS = NO;
				CLANG_ANALYZER_NONNULL = YES;
				CLANG_CXX_LANGUAGE_STANDARD = "gnu++0x";
				CLANG_CXX_LIBRARY = "libc++";
				CLANG_ENABLE_MODULES = YES;
				CLANG_ENABLE_OBJC_ARC = YES;
				CLANG_WARN_BOOL_CONVERSION = YES;
				CLANG_WARN_CONSTANT_CONVERSION = YES;
				CLANG_WARN_DIRECT_OBJC_ISA_USAGE = YES_ERROR;
				CLANG_WARN_DOCUMENTATION_COMMENTS = YES;
				CLANG_WARN_EMPTY_BODY = YES;
				CLANG_WARN_ENUM_CONVERSION = YES;
				CLANG_WARN_INFINITE_RECURSION = YES;
				CLANG_WARN_INT_CONVERSION = YES;
				CLANG_WARN_OBJC_ROOT_CLASS = YES_ERROR;
				CLANG_WARN_SUSPICIOUS_MOVE = YES;
				CLANG_WARN_UNREACHABLE_CODE = YES;
				CLANG_WARN__DUPLICATE_METHOD_MATCH = YES;
				CODE_SIGN_IDENTITY = "-";
				COPY_PHASE_STRIP = NO;
				DEBUG_INFORMATION_FORMAT = "dwarf-with-dsym";
				ENABLE_NS_ASSERTIONS = NO;
				ENABLE_STRICT_OBJC_MSGSEND = YES;
				GCC_C_LANGUAGE_STANDARD = gnu99;
				GCC_NO_COMMON_BLOCKS = YES;
				GCC_WARN_64_TO_32_BIT_CONVERSION = YES;
				GCC_WARN_ABOUT_RETURN_TYPE = YES_ERROR;
				GCC_WARN_UNDECLARED_SELECTOR = YES;
				GCC_WARN_UNINITIALIZED_AUTOS = YES_AGGRESSIVE;
				GCC_WARN_UNUSED_FUNCTION = YES;
				GCC_WARN_UNUSED_VARIABLE = YES;
				MACOSX_DEPLOYMENT_TARGET = 10.12;
				MTL_ENABLE_DEBUG_INFO = NO;
				SDKROOT = macosx;
			};
			name = Release;
		};
		C5C51FBA1E895F5400CDF201 /* Debug */ = {
			isa = XCBuildConfiguration;
			buildSettings = {
				DEVELOPMENT_TEAM = 9M39ENBSMH;
				PRODUCT_NAME = "$(TARGET_NAME)";
			};
			name = Debug;
		};
		C5C51FBB1E895F5400CDF201 /* Release */ = {
			isa = XCBuildConfiguration;
			buildSettings = {
				DEVELOPMENT_TEAM = 9M39ENBSMH;
				PRODUCT_NAME = "$(TARGET_NAME)";
			};
			name = Release;
		};
		C5C51FC51E895FAA00CDF201 /* Debug */ = {
			isa = XCBuildConfiguration;
			buildSettings = {
				DEVELOPMENT_TEAM = 9M39ENBSMH;
				PRODUCT_NAME = "$(TARGET_NAME)";
			};
			name = Debug;
		};
		C5C51FC61E895FAA00CDF201 /* Release */ = {
			isa = XCBuildConfiguration;
			buildSettings = {
				DEVELOPMENT_TEAM = 9M39ENBSMH;
				PRODUCT_NAME = "$(TARGET_NAME)";
			};
			name = Release;
		};
/* End XCBuildConfiguration section */

/* Begin XCConfigurationList section */
		C5C51FAD1E895F5400CDF201 /* Build configuration list for PBXProject "exp3" */ = {
			isa = XCConfigurationList;
			buildConfigurations = (
				C5C51FB71E895F5400CDF201 /* Debug */,
				C5C51FB81E895F5400CDF201 /* Release */,
			);
			defaultConfigurationIsVisible = 0;
			defaultConfigurationName = Release;
		};
		C5C51FB91E895F5400CDF201 /* Build configuration list for PBXNativeTarget "exp3" */ = {
			isa = XCConfigurationList;
			buildConfigurations = (
				C5C51FBA1E895F5400CDF201 /* Debug */,
				C5C51FBB1E895F5400CDF201 /* Release */,
			);
			defaultConfigurationIsVisible = 0;
			defaultConfigurationName = Release;
		};
		C5C51FC41E895FAA00CDF201 /* Build configuration list for PBXNativeTarget "exp3mod" */ = {
			isa = XCConfigurationList;
			buildConfigurations = (
				C5C51FC51E895FAA00CDF201 /* Debug */,
				C5C51FC61E895FAA00CDF201 /* Release */,
			);
			defaultConfigurationIsVisible = 0;
			defaultConfigurationName = Release;
		};
/* End XCConfigurationList section */
	};
	rootObject = C5C51FAA1E895F5400CDF201 /* Project object */;
}
